{
  "lockfileVersion": 2,
  "configVersion": 1,
  "workspaces": {
    "": {
      "name": "openchamber-deepseek-clock",
      "dependencies": {
        "@openchamber/sdk": "2.0.1",
      },
    },
  },
  "packages": {
    "@openchamber/sdk": ["@openchamber/sdk@2.0.1", "", { "dependencies": { "zod": "^4.3.6" }, "bin": { "openchamber-guest-bundle": "scripts/bundle-guest.ts" } }, "sha512-u+ccZnOtH5JT8wLRecOQ4xYhl+b49+FHQv9ot8lWyZRHnacsE4JKeSukBlExZ54zE6F94R8aChaKhb6U6cAUBQ=="],

    "zod": ["zod@4.6.5", "", {}, "sha512-v5l/aFXZQeai4awLbOpSoHecE9UiMrnfx75tEXLjNonXVARxQ5mOeipTjROUchszUNCqnE+hqAMujRsRHsut2Q=="],
  }
}
